
Microsoft Visual Studio Solution File, Format Version 12.00
# Visual Studio Version 17
VisualStudioVersion = 17.11.35312.102
MinimumVisualStudioVersion = 10.0.40219.1
Project("{9A19103F-16F7-4668-BE54-9A1E7A4F7556}") = "LogicaNegocio", "Biblioteca de clases\LogicaNegocio.csproj", "{8D883749-3642-4AF6-982F-325E03C6E02A}"
EndProject
Project("{9A19103F-16F7-4668-BE54-9A1E7A4F7556}") = "MVC", "..\MVC\MVC.csproj", "{9B54240B-7DD2-4AE0-86B3-05787FC9C61E}"
	ProjectSection(ProjectDependencies) = postProject
		{8D883749-3642-4AF6-982F-325E03C6E02A} = {8D883749-3642-4AF6-982F-325E03C6E02A}
		{E2A2F97B-8B8A-438C-B679-9377471A81EE} = {E2A2F97B-8B8A-438C-B679-9377471A81EE}
	EndProjectSection
EndProject
Project("{9A19103F-16F7-4668-BE54-9A1E7A4F7556}") = "LogicaAccesoDatos", "..\LogicaAccesoDatos\LogicaAccesoDatos.csproj", "{E2A2F97B-8B8A-438C-B679-9377471A81EE}"
	ProjectSection(ProjectDependencies) = postProject
		{8D883749-3642-4AF6-982F-325E03C6E02A} = {8D883749-3642-4AF6-982F-325E03C6E02A}
	EndProjectSection
EndProject
Global
	GlobalSection(SolutionConfigurationPlatforms) = preSolution
		Debug|Any CPU = Debug|Any CPU
		Release|Any CPU = Release|Any CPU
	EndGlobalSection
	GlobalSection(ProjectConfigurationPlatforms) = postSolution
		{8D883749-3642-4AF6-982F-325E03C6E02A}.Debug|Any CPU.ActiveCfg = Debug|Any CPU
		{8D883749-3642-4AF6-982F-325E03C6E02A}.Debug|Any CPU.Build.0 = Debug|Any CPU
		{8D883749-3642-4AF6-982F-325E03C6E02A}.Release|Any CPU.ActiveCfg = Release|Any CPU
		{8D883749-3642-4AF6-982F-325E03C6E02A}.Release|Any CPU.Build.0 = Release|Any CPU
		{9B54240B-7DD2-4AE0-86B3-05787FC9C61E}.Debug|Any CPU.ActiveCfg = Debug|Any CPU
		{9B54240B-7DD2-4AE0-86B3-05787FC9C61E}.Debug|Any CPU.Build.0 = Debug|Any CPU
		{9B54240B-7DD2-4AE0-86B3-05787FC9C61E}.Release|Any CPU.ActiveCfg = Release|Any CPU
		{9B54240B-7DD2-4AE0-86B3-05787FC9C61E}.Release|Any CPU.Build.0 = Release|Any CPU
		{E2A2F97B-8B8A-438C-B679-9377471A81EE}.Debug|Any CPU.ActiveCfg = Debug|Any CPU
		{E2A2F97B-8B8A-438C-B679-9377471A81EE}.Debug|Any CPU.Build.0 = Debug|Any CPU
		{E2A2F97B-8B8A-438C-B679-9377471A81EE}.Release|Any CPU.ActiveCfg = Release|Any CPU
		{E2A2F97B-8B8A-438C-B679-9377471A81EE}.Release|Any CPU.Build.0 = Release|Any CPU
	EndGlobalSection
	GlobalSection(SolutionProperties) = preSolution
		HideSolutionNode = FALSE
	EndGlobalSection
	GlobalSection(ExtensibilityGlobals) = postSolution
		SolutionGuid = {656470AB-2872-42EB-8C23-0AEE902C4B25}
	EndGlobalSection
EndGlobal
